
Microsoft Visual Studio Solution File, Format Version 12.00
# Visual Studio Version 17
VisualStudioVersion = 17.3.32929.385
MinimumVisualStudioVersion = 10.0.40219.1
Project("{FAE04EC0-301F-11D3-BF4B-00C04F79EFBC}") = "Utilities", "Utilities\Utilities.csproj", "{16BAAA7D-9504-48FA-B509-6B9EF1C98B54}"
EndProject
Global
	GlobalSection(SolutionConfigurationPlatforms) = preSolution
		Debug|Any CPU = Debug|Any CPU
		Release|Any CPU = Release|Any CPU
	EndGlobalSection
	GlobalSection(ProjectConfigurationPlatforms) = postSolution
		{16BAAA7D-9504-48FA-B509-6B9EF1C98B54}.Debug|Any CPU.ActiveCfg = Debug|Any CPU
		{16BAAA7D-9504-48FA-B509-6B9EF1C98B54}.Debug|Any CPU.Build.0 = Debug|Any CPU
		{16BAAA7D-9504-48FA-B509-6B9EF1C98B54}.Release|Any CPU.ActiveCfg = Release|Any CPU
		{16BAAA7D-9504-48FA-B509-6B9EF1C98B54}.Release|Any CPU.Build.0 = Release|Any CPU
	EndGlobalSection
	GlobalSection(SolutionProperties) = preSolution
		HideSolutionNode = FALSE
	EndGlobalSection
	GlobalSection(ExtensibilityGlobals) = postSolution
		SolutionGuid = {DCF4CEC0-A475-4277-80B6-572994DC21B6}
	EndGlobalSection
EndGlobal
